
Microsoft Visual Studio Solution File, Format Version 12.00
# Visual Studio Version 17
VisualStudioVersion = 17.0.32014.148
MinimumVisualStudioVersion = 10.0.40219.1
Project("{9A19103F-16F7-4668-BE54-9A1E7A4F7556}") = "Task 1.1.1", "EPAMTrainingRepo\Task 1.1.1.csproj", "{F8121CD3-497E-4D33-8C64-A6779F9452F6}"
EndProject
Project("{9A19103F-16F7-4668-BE54-9A1E7A4F7556}") = "Task 1.1.2", "Task 1.1.2\Task 1.1.2.csproj", "{6BC9F255-85E8-4CEF-965C-20DF3FED03D2}"
EndProject
Project("{9A19103F-16F7-4668-BE54-9A1E7A4F7556}") = "Task 1.1.3", "Task 1.1.3\Task 1.1.3.csproj", "{2524CD83-FD10-4521-B501-A7AC5399B357}"
EndProject
Project("{9A19103F-16F7-4668-BE54-9A1E7A4F7556}") = "Task 1.1.4", "Task 1.1.4\Task 1.1.4.csproj", "{6DE0ABDC-DF74-4EE5-9073-9B2FEFE006E5}"
EndProject
Project("{9A19103F-16F7-4668-BE54-9A1E7A4F7556}") = "Task 1.1.5", "Task 1.1.5\Task 1.1.5.csproj", "{249C6938-4033-47CD-BD39-0262E7DB3623}"
EndProject
Project("{9A19103F-16F7-4668-BE54-9A1E7A4F7556}") = "Task 1.1.6", "Task 1.1.6\Task 1.1.6.csproj", "{2C38AA96-EC87-45E8-A448-23B83CC98215}"
EndProject
Project("{9A19103F-16F7-4668-BE54-9A1E7A4F7556}") = "Task 1.1.7", "Task 1.1.7\Task 1.1.7.csproj", "{3C7EA120-33E9-4BDE-A7D0-A8BC104ECB6A}"
EndProject
Project("{9A19103F-16F7-4668-BE54-9A1E7A4F7556}") = "Task 1.1.8", "Task 1.1.8\Task 1.1.8.csproj", "{F5D2E31D-57A3-459F-8763-1B740D7C0824}"
EndProject
Project("{9A19103F-16F7-4668-BE54-9A1E7A4F7556}") = "Task 1.1.9", "Task 1.1.9\Task 1.1.9.csproj", "{A3249A9A-E9CB-4AB5-81A4-722D37A5429A}"
EndProject
Project("{9A19103F-16F7-4668-BE54-9A1E7A4F7556}") = "Task 1.1.10", "Task 1.1.10\Task 1.1.10.csproj", "{0A3CC0CB-E66E-47DA-8A81-776C159F8147}"
EndProject
Project("{2150E333-8FDC-42A3-9474-1A3956D46DE8}") = "Task 1.1", "Task 1.1", "{FDDDC18F-2E35-4C70-9C14-F48AD211B91F}"
EndProject
Project("{2150E333-8FDC-42A3-9474-1A3956D46DE8}") = "Task 1.2", "Task 1.2", "{FAB31573-CF17-4D6C-9382-BBE2BA404793}"
EndProject
Project("{9A19103F-16F7-4668-BE54-9A1E7A4F7556}") = "Task 1.2.1", "Task 1.2.1\Task 1.2.1.csproj", "{B8E7FCC5-50F8-4935-B1A3-ADBB5F8E90BC}"
EndProject
Project("{9A19103F-16F7-4668-BE54-9A1E7A4F7556}") = "Task 1.2.2", "Task 1.2.2\Task 1.2.2.csproj", "{2275E069-766B-466E-B617-C39120B48F99}"
EndProject
Project("{9A19103F-16F7-4668-BE54-9A1E7A4F7556}") = "Task 1.2.3", "Task 1.2.3\Task 1.2.3.csproj", "{47948ABF-664F-40AC-AA49-349D350DF441}"
EndProject
Project("{9A19103F-16F7-4668-BE54-9A1E7A4F7556}") = "Task 1.2.4", "Task 1.2.4\Task 1.2.4.csproj", "{090A614D-469C-459A-A9A5-13601EE8436C}"
EndProject
Project("{2150E333-8FDC-42A3-9474-1A3956D46DE8}") = "Task 2.1", "Task 2.1", "{2D66E230-806B-4FC4-A917-53CCD02E8E69}"
EndProject
Project("{9A19103F-16F7-4668-BE54-9A1E7A4F7556}") = "Task 2.1.1", "Task 2.1.1\Task 2.1.1.csproj", "{84041A56-E734-4A49-B74E-5B2DB1DE4678}"
EndProject
Project("{9A19103F-16F7-4668-BE54-9A1E7A4F7556}") = "Task 2.1.2", "Task 2.1.2\Task 2.1.2.csproj", "{F36A4E93-E9BA-492D-8EDC-95A4DF971DCD}"
EndProject
Project("{2150E333-8FDC-42A3-9474-1A3956D46DE8}") = "Task 2.2", "Task 2.2", "{7E403900-2DC7-4B3E-94B2-B1E6E02C4E1B}"
EndProject
Project("{9A19103F-16F7-4668-BE54-9A1E7A4F7556}") = "Task 2.2", "Task 2.2\Task 2.2.csproj", "{B7AE0553-21AC-406C-A169-770455C26E13}"
EndProject
Project("{2150E333-8FDC-42A3-9474-1A3956D46DE8}") = "Task 3.1", "Task 3.1", "{551582C0-850E-4EF4-964F-14E7BEB22162}"
EndProject
Project("{2150E333-8FDC-42A3-9474-1A3956D46DE8}") = "Task 3.1.1", "Task 3.1.1", "{3D279A0E-0D27-4B5E-A6E0-93969DF5563B}"
EndProject
Project("{2150E333-8FDC-42A3-9474-1A3956D46DE8}") = "Task 3.1.2", "Task 3.1.2", "{85361DCB-931D-4745-9995-F7786271CAD2}"
EndProject
Project("{9A19103F-16F7-4668-BE54-9A1E7A4F7556}") = "Task 3.1.1", "Task 3.1.1\Task 3.1.1.csproj", "{5FC59289-7EC1-4265-8E2A-FE92A865BDDA}"
EndProject
Project("{FAE04EC0-301F-11D3-BF4B-00C04F79EFBC}") = "Task 3.1.2", "Task 3.1.2\Task 3.1.2.csproj", "{0E7166A0-98E8-4335-BEB9-0275CA341041}"
EndProject
Global
	GlobalSection(SolutionConfigurationPlatforms) = preSolution
		Debug|Any CPU = Debug|Any CPU
		Release|Any CPU = Release|Any CPU
	EndGlobalSection
	GlobalSection(ProjectConfigurationPlatforms) = postSolution
		{F8121CD3-497E-4D33-8C64-A6779F9452F6}.Debug|Any CPU.ActiveCfg = Debug|Any CPU
		{F8121CD3-497E-4D33-8C64-A6779F9452F6}.Debug|Any CPU.Build.0 = Debug|Any CPU
		{F8121CD3-497E-4D33-8C64-A6779F9452F6}.Release|Any CPU.ActiveCfg = Release|Any CPU
		{F8121CD3-497E-4D33-8C64-A6779F9452F6}.Release|Any CPU.Build.0 = Release|Any CPU
		{6BC9F255-85E8-4CEF-965C-20DF3FED03D2}.Debug|Any CPU.ActiveCfg = Debug|Any CPU
		{6BC9F255-85E8-4CEF-965C-20DF3FED03D2}.Debug|Any CPU.Build.0 = Debug|Any CPU
		{6BC9F255-85E8-4CEF-965C-20DF3FED03D2}.Release|Any CPU.ActiveCfg = Release|Any CPU
		{6BC9F255-85E8-4CEF-965C-20DF3FED03D2}.Release|Any CPU.Build.0 = Release|Any CPU
		{2524CD83-FD10-4521-B501-A7AC5399B357}.Debug|Any CPU.ActiveCfg = Debug|Any CPU
		{2524CD83-FD10-4521-B501-A7AC5399B357}.Debug|Any CPU.Build.0 = Debug|Any CPU
		{2524CD83-FD10-4521-B501-A7AC5399B357}.Release|Any CPU.ActiveCfg = Release|Any CPU
		{2524CD83-FD10-4521-B501-A7AC5399B357}.Release|Any CPU.Build.0 = Release|Any CPU
		{6DE0ABDC-DF74-4EE5-9073-9B2FEFE006E5}.Debug|Any CPU.ActiveCfg = Debug|Any CPU
		{6DE0ABDC-DF74-4EE5-9073-9B2FEFE006E5}.Debug|Any CPU.Build.0 = Debug|Any CPU
		{6DE0ABDC-DF74-4EE5-9073-9B2FEFE006E5}.Release|Any CPU.ActiveCfg = Release|Any CPU
		{6DE0ABDC-DF74-4EE5-9073-9B2FEFE006E5}.Release|Any CPU.Build.0 = Release|Any CPU
		{249C6938-4033-47CD-BD39-0262E7DB3623}.Debug|Any CPU.ActiveCfg = Debug|Any CPU
		{249C6938-4033-47CD-BD39-0262E7DB3623}.Debug|Any CPU.Build.0 = Debug|Any CPU
		{249C6938-4033-47CD-BD39-0262E7DB3623}.Release|Any CPU.ActiveCfg = Release|Any CPU
		{249C6938-4033-47CD-BD39-0262E7DB3623}.Release|Any CPU.Build.0 = Release|Any CPU
		{2C38AA96-EC87-45E8-A448-23B83CC98215}.Debug|Any CPU.ActiveCfg = Debug|Any CPU
		{2C38AA96-EC87-45E8-A448-23B83CC98215}.Debug|Any CPU.Build.0 = Debug|Any CPU
		{2C38AA96-EC87-45E8-A448-23B83CC98215}.Release|Any CPU.ActiveCfg = Release|Any CPU
		{2C38AA96-EC87-45E8-A448-23B83CC98215}.Release|Any CPU.Build.0 = Release|Any CPU
		{3C7EA120-33E9-4BDE-A7D0-A8BC104ECB6A}.Debug|Any CPU.ActiveCfg = Debug|Any CPU
		{3C7EA120-33E9-4BDE-A7D0-A8BC104ECB6A}.Debug|Any CPU.Build.0 = Debug|Any CPU
		{3C7EA120-33E9-4BDE-A7D0-A8BC104ECB6A}.Release|Any CPU.ActiveCfg = Release|Any CPU
		{3C7EA120-33E9-4BDE-A7D0-A8BC104ECB6A}.Release|Any CPU.Build.0 = Release|Any CPU
		{F5D2E31D-57A3-459F-8763-1B740D7C0824}.Debug|Any CPU.ActiveCfg = Debug|Any CPU
		{F5D2E31D-57A3-459F-8763-1B740D7C0824}.Debug|Any CPU.Build.0 = Debug|Any CPU
		{F5D2E31D-57A3-459F-8763-1B740D7C0824}.Release|Any CPU.ActiveCfg = Release|Any CPU
		{F5D2E31D-57A3-459F-8763-1B740D7C0824}.Release|Any CPU.Build.0 = Release|Any CPU
		{A3249A9A-E9CB-4AB5-81A4-722D37A5429A}.Debug|Any CPU.ActiveCfg = Debug|Any CPU
		{A3249A9A-E9CB-4AB5-81A4-722D37A5429A}.Debug|Any CPU.Build.0 = Debug|Any CPU
		{A3249A9A-E9CB-4AB5-81A4-722D37A5429A}.Release|Any CPU.ActiveCfg = Release|Any CPU
		{A3249A9A-E9CB-4AB5-81A4-722D37A5429A}.Release|Any CPU.Build.0 = Release|Any CPU
		{0A3CC0CB-E66E-47DA-8A81-776C159F8147}.Debug|Any CPU.ActiveCfg = Debug|Any CPU
		{0A3CC0CB-E66E-47DA-8A81-776C159F8147}.Debug|Any CPU.Build.0 = Debug|Any CPU
		{0A3CC0CB-E66E-47DA-8A81-776C159F8147}.Release|Any CPU.ActiveCfg = Release|Any CPU
		{0A3CC0CB-E66E-47DA-8A81-776C159F8147}.Release|Any CPU.Build.0 = Release|Any CPU
		{B8E7FCC5-50F8-4935-B1A3-ADBB5F8E90BC}.Debug|Any CPU.ActiveCfg = Debug|Any CPU
		{B8E7FCC5-50F8-4935-B1A3-ADBB5F8E90BC}.Debug|Any CPU.Build.0 = Debug|Any CPU
		{B8E7FCC5-50F8-4935-B1A3-ADBB5F8E90BC}.Release|Any CPU.ActiveCfg = Release|Any CPU
		{B8E7FCC5-50F8-4935-B1A3-ADBB5F8E90BC}.Release|Any CPU.Build.0 = Release|Any CPU
		{2275E069-766B-466E-B617-C39120B48F99}.Debug|Any CPU.ActiveCfg = Debug|Any CPU
		{2275E069-766B-466E-B617-C39120B48F99}.Debug|Any CPU.Build.0 = Debug|Any CPU
		{2275E069-766B-466E-B617-C39120B48F99}.Release|Any CPU.ActiveCfg = Release|Any CPU
		{2275E069-766B-466E-B617-C39120B48F99}.Release|Any CPU.Build.0 = Release|Any CPU
		{47948ABF-664F-40AC-AA49-349D350DF441}.Debug|Any CPU.ActiveCfg = Debug|Any CPU
		{47948ABF-664F-40AC-AA49-349D350DF441}.Debug|Any CPU.Build.0 = Debug|Any CPU
		{47948ABF-664F-40AC-AA49-349D350DF441}.Release|Any CPU.ActiveCfg = Release|Any CPU
		{47948ABF-664F-40AC-AA49-349D350DF441}.Release|Any CPU.Build.0 = Release|Any CPU
		{090A614D-469C-459A-A9A5-13601EE8436C}.Debug|Any CPU.ActiveCfg = Debug|Any CPU
		{090A614D-469C-459A-A9A5-13601EE8436C}.Debug|Any CPU.Build.0 = Debug|Any CPU
		{090A614D-469C-459A-A9A5-13601EE8436C}.Release|Any CPU.ActiveCfg = Release|Any CPU
		{090A614D-469C-459A-A9A5-13601EE8436C}.Release|Any CPU.Build.0 = Release|Any CPU
		{84041A56-E734-4A49-B74E-5B2DB1DE4678}.Debug|Any CPU.ActiveCfg = Debug|Any CPU
		{84041A56-E734-4A49-B74E-5B2DB1DE4678}.Debug|Any CPU.Build.0 = Debug|Any CPU
		{84041A56-E734-4A49-B74E-5B2DB1DE4678}.Release|Any CPU.ActiveCfg = Release|Any CPU
		{84041A56-E734-4A49-B74E-5B2DB1DE4678}.Release|Any CPU.Build.0 = Release|Any CPU
		{F36A4E93-E9BA-492D-8EDC-95A4DF971DCD}.Debug|Any CPU.ActiveCfg = Debug|Any CPU
		{F36A4E93-E9BA-492D-8EDC-95A4DF971DCD}.Debug|Any CPU.Build.0 = Debug|Any CPU
		{F36A4E93-E9BA-492D-8EDC-95A4DF971DCD}.Release|Any CPU.ActiveCfg = Release|Any CPU
		{F36A4E93-E9BA-492D-8EDC-95A4DF971DCD}.Release|Any CPU.Build.0 = Release|Any CPU
		{B7AE0553-21AC-406C-A169-770455C26E13}.Debug|Any CPU.ActiveCfg = Debug|Any CPU
		{B7AE0553-21AC-406C-A169-770455C26E13}.Debug|Any CPU.Build.0 = Debug|Any CPU
		{B7AE0553-21AC-406C-A169-770455C26E13}.Release|Any CPU.ActiveCfg = Release|Any CPU
		{B7AE0553-21AC-406C-A169-770455C26E13}.Release|Any CPU.Build.0 = Release|Any CPU
		{5FC59289-7EC1-4265-8E2A-FE92A865BDDA}.Debug|Any CPU.ActiveCfg = Debug|Any CPU
		{5FC59289-7EC1-4265-8E2A-FE92A865BDDA}.Debug|Any CPU.Build.0 = Debug|Any CPU
		{5FC59289-7EC1-4265-8E2A-FE92A865BDDA}.Release|Any CPU.ActiveCfg = Release|Any CPU
		{5FC59289-7EC1-4265-8E2A-FE92A865BDDA}.Release|Any CPU.Build.0 = Release|Any CPU
		{0E7166A0-98E8-4335-BEB9-0275CA341041}.Debug|Any CPU.ActiveCfg = Debug|Any CPU
		{0E7166A0-98E8-4335-BEB9-0275CA341041}.Debug|Any CPU.Build.0 = Debug|Any CPU
		{0E7166A0-98E8-4335-BEB9-0275CA341041}.Release|Any CPU.ActiveCfg = Release|Any CPU
		{0E7166A0-98E8-4335-BEB9-0275CA341041}.Release|Any CPU.Build.0 = Release|Any CPU
	EndGlobalSection
	GlobalSection(SolutionProperties) = preSolution
		HideSolutionNode = FALSE
	EndGlobalSection
	GlobalSection(NestedProjects) = preSolution
		{F8121CD3-497E-4D33-8C64-A6779F9452F6} = {FDDDC18F-2E35-4C70-9C14-F48AD211B91F}
		{6BC9F255-85E8-4CEF-965C-20DF3FED03D2} = {FDDDC18F-2E35-4C70-9C14-F48AD211B91F}
		{2524CD83-FD10-4521-B501-A7AC5399B357} = {FDDDC18F-2E35-4C70-9C14-F48AD211B91F}
		{6DE0ABDC-DF74-4EE5-9073-9B2FEFE006E5} = {FDDDC18F-2E35-4C70-9C14-F48AD211B91F}
		{249C6938-4033-47CD-BD39-0262E7DB3623} = {FDDDC18F-2E35-4C70-9C14-F48AD211B91F}
		{2C38AA96-EC87-45E8-A448-23B83CC98215} = {FDDDC18F-2E35-4C70-9C14-F48AD211B91F}
		{3C7EA120-33E9-4BDE-A7D0-A8BC104ECB6A} = {FDDDC18F-2E35-4C70-9C14-F48AD211B91F}
		{F5D2E31D-57A3-459F-8763-1B740D7C0824} = {FDDDC18F-2E35-4C70-9C14-F48AD211B91F}
		{A3249A9A-E9CB-4AB5-81A4-722D37A5429A} = {FDDDC18F-2E35-4C70-9C14-F48AD211B91F}
		{0A3CC0CB-E66E-47DA-8A81-776C159F8147} = {FDDDC18F-2E35-4C70-9C14-F48AD211B91F}
		{B8E7FCC5-50F8-4935-B1A3-ADBB5F8E90BC} = {FAB31573-CF17-4D6C-9382-BBE2BA404793}
		{2275E069-766B-466E-B617-C39120B48F99} = {FAB31573-CF17-4D6C-9382-BBE2BA404793}
		{47948ABF-664F-40AC-AA49-349D350DF441} = {FAB31573-CF17-4D6C-9382-BBE2BA404793}
		{090A614D-469C-459A-A9A5-13601EE8436C} = {FAB31573-CF17-4D6C-9382-BBE2BA404793}
		{84041A56-E734-4A49-B74E-5B2DB1DE4678} = {2D66E230-806B-4FC4-A917-53CCD02E8E69}
		{F36A4E93-E9BA-492D-8EDC-95A4DF971DCD} = {2D66E230-806B-4FC4-A917-53CCD02E8E69}
		{B7AE0553-21AC-406C-A169-770455C26E13} = {7E403900-2DC7-4B3E-94B2-B1E6E02C4E1B}
		{3D279A0E-0D27-4B5E-A6E0-93969DF5563B} = {551582C0-850E-4EF4-964F-14E7BEB22162}
		{85361DCB-931D-4745-9995-F7786271CAD2} = {551582C0-850E-4EF4-964F-14E7BEB22162}
		{5FC59289-7EC1-4265-8E2A-FE92A865BDDA} = {3D279A0E-0D27-4B5E-A6E0-93969DF5563B}
		{0E7166A0-98E8-4335-BEB9-0275CA341041} = {85361DCB-931D-4745-9995-F7786271CAD2}
	EndGlobalSection
	GlobalSection(ExtensibilityGlobals) = postSolution
		SolutionGuid = {EAD82380-5F6E-4613-A9D4-8D759D8A4054}
	EndGlobalSection
EndGlobal
